
Microsoft Visual Studio Solution File, Format Version 12.00
# Visual Studio Version 16
VisualStudioVersion = 16.0.29123.89
MinimumVisualStudioVersion = 10.0.40219.1
Project("{FAE04EC0-301F-11D3-BF4B-00C04F79EFBC}") = "Modal", "Modal\Modal.csproj", "{FA144AF0-27E7-4EFD-9CEB-04B669A63AE7}"
EndProject
Global
	GlobalSection(SolutionConfigurationPlatforms) = preSolution
		Debug|Any CPU = Debug|Any CPU
		Release|Any CPU = Release|Any CPU
	EndGlobalSection
	GlobalSection(ProjectConfigurationPlatforms) = postSolution
		{FA144AF0-27E7-4EFD-9CEB-04B669A63AE7}.Debug|Any CPU.ActiveCfg = Debug|Any CPU
		{FA144AF0-27E7-4EFD-9CEB-04B669A63AE7}.Debug|Any CPU.Build.0 = Debug|Any CPU
		{FA144AF0-27E7-4EFD-9CEB-04B669A63AE7}.Release|Any CPU.ActiveCfg = Release|Any CPU
		{FA144AF0-27E7-4EFD-9CEB-04B669A63AE7}.Release|Any CPU.Build.0 = Release|Any CPU
	EndGlobalSection
	GlobalSection(SolutionProperties) = preSolution
		HideSolutionNode = FALSE
	EndGlobalSection
	GlobalSection(ExtensibilityGlobals) = postSolution
		SolutionGuid = {088CF38F-5F75-4C13-8F02-AB06153FA2F0}
	EndGlobalSection
EndGlobal
